
Microsoft Visual Studio Solution File, Format Version 12.00
# Visual Studio Version 17
VisualStudioVersion = 17.5.002.0
MinimumVisualStudioVersion = 10.0.40219.1
Project("{9A19103F-16F7-4668-BE54-9A1E7A4F7556}") = "Maintenance", "Maintenance.csproj", "{D13A16D6-2290-49B6-ADCA-3B78569D788D}"
EndProject
Global
	GlobalSection(SolutionConfigurationPlatforms) = preSolution
		Debug|Any CPU = Debug|Any CPU
		Release|Any CPU = Release|Any CPU
	EndGlobalSection
	GlobalSection(ProjectConfigurationPlatforms) = postSolution
		{D13A16D6-2290-49B6-ADCA-3B78569D788D}.Debug|Any CPU.ActiveCfg = Debug|Any CPU
		{D13A16D6-2290-49B6-ADCA-3B78569D788D}.Debug|Any CPU.Build.0 = Debug|Any CPU
		{D13A16D6-2290-49B6-ADCA-3B78569D788D}.Release|Any CPU.ActiveCfg = Release|Any CPU
		{D13A16D6-2290-49B6-ADCA-3B78569D788D}.Release|Any CPU.Build.0 = Release|Any CPU
	EndGlobalSection
	GlobalSection(SolutionProperties) = preSolution
		HideSolutionNode = FALSE
	EndGlobalSection
	GlobalSection(ExtensibilityGlobals) = postSolution
		SolutionGuid = {6DD444A7-A044-44B0-A22E-57CC087AE393}
	EndGlobalSection
EndGlobal
